// !$*UTF8*$!
{
	archiveVersion = 1;
	classes = {
	};
	objectVersion = 56;
	objects = {

/* Begin PBXBuildFile section */
		5A4B7DB529F3A9A200CFB271 /* AppDelegate.swift in Sources */ = {isa = PBXBuildFile; fileRef = 5A4B7DB429F3A9A200CFB271 /* AppDelegate.swift */; };
		5A4B7DB729F3A9A200CFB271 /* SceneDelegate.swift in Sources */ = {isa = PBXBuildFile; fileRef = 5A4B7DB629F3A9A200CFB271 /* SceneDelegate.swift */; };
		5A4B7DB929F3A9A200CFB271 /* LoginViewController.swift in Sources */ = {isa = PBXBuildFile; fileRef = 5A4B7DB829F3A9A200CFB271 /* LoginViewController.swift */; };
		5A4B7DBF29F3A9A200CFB271 /* PlankImprover.xcdatamodeld in Sources */ = {isa = PBXBuildFile; fileRef = 5A4B7DBD29F3A9A200CFB271 /* PlankImprover.xcdatamodeld */; };
		5A4B7DC129F3A9A400CFB271 /* Assets.xcassets in Resources */ = {isa = PBXBuildFile; fileRef = 5A4B7DC029F3A9A400CFB271 /* Assets.xcassets */; };
		5A4B7DC429F3A9A400CFB271 /* LaunchScreen.storyboard in Resources */ = {isa = PBXBuildFile; fileRef = 5A4B7DC229F3A9A400CFB271 /* LaunchScreen.storyboard */; };
		5A4B7DCC29F3ABE600CFB271 /* LaunchViewController.swift in Sources */ = {isa = PBXBuildFile; fileRef = 5A4B7DCB29F3ABE600CFB271 /* LaunchViewController.swift */; };
		5A4B7DD029F3BC7F00CFB271 /* LexendTera.ttf in Resources */ = {isa = PBXBuildFile; fileRef = 5A4B7DCF29F3BC7F00CFB271 /* LexendTera.ttf */; };
		5A4B7DD329F3E2B400CFB271 /* customBigButton.swift in Sources */ = {isa = PBXBuildFile; fileRef = 5A4B7DD229F3E2B400CFB271 /* customBigButton.swift */; };
		5A4B7DD529F3F32900CFB271 /* LoginTextField.swift in Sources */ = {isa = PBXBuildFile; fileRef = 5A4B7DD429F3F32900CFB271 /* LoginTextField.swift */; };
		5A4B7DE829F4D83300CFB271 /* FirebaseAuth.swift in Sources */ = {isa = PBXBuildFile; fileRef = 5A4B7DE729F4D83300CFB271 /* FirebaseAuth.swift */; };
		5A4B7DEC29F4E63F00CFB271 /* FirebaseAuth in Frameworks */ = {isa = PBXBuildFile; productRef = 5A4B7DEB29F4E63F00CFB271 /* FirebaseAuth */; };
		5A4B7DEE29F4E63F00CFB271 /* FirebaseDatabase in Frameworks */ = {isa = PBXBuildFile; productRef = 5A4B7DED29F4E63F00CFB271 /* FirebaseDatabase */; };
		5A4B7DF129F4E68700CFB271 /* GoogleSignIn in Frameworks */ = {isa = PBXBuildFile; productRef = 5A4B7DF029F4E68700CFB271 /* GoogleSignIn */; };
		5A4B7DF329F4E68700CFB271 /* GoogleSignInSwift in Frameworks */ = {isa = PBXBuildFile; productRef = 5A4B7DF229F4E68700CFB271 /* GoogleSignInSwift */; };
		5A4B7DF629F534D600CFB271 /* TimerViewController.swift in Sources */ = {isa = PBXBuildFile; fileRef = 5A4B7DF529F534D600CFB271 /* TimerViewController.swift */; };
		5A4B7DF829F5587100CFB271 /* CircularProgressBar.swift in Sources */ = {isa = PBXBuildFile; fileRef = 5A4B7DF729F5587100CFB271 /* CircularProgressBar.swift */; };
		5A4B7E2129F6FF7400CFB271 /* DaysCollectionViewController.swift in Sources */ = {isa = PBXBuildFile; fileRef = 5A4B7E2029F6FF7400CFB271 /* DaysCollectionViewController.swift */; };
		5A4B7E2329F77D2300CFB271 /* DayCollectionViewCell.swift in Sources */ = {isa = PBXBuildFile; fileRef = 5A4B7E2229F77D2300CFB271 /* DayCollectionViewCell.swift */; };
		5A4B7E2929FA424000CFB271 /* Errors.swift in Sources */ = {isa = PBXBuildFile; fileRef = 5A4B7E2829FA424000CFB271 /* Errors.swift */; };
		5A4B7E2D29FA48E800CFB271 /* GoogleService-Info.plist in Resources */ = {isa = PBXBuildFile; fileRef = 5A4B7E2C29FA48E800CFB271 /* GoogleService-Info.plist */; };
		5A4B7E3129FA7A7000CFB271 /* UserInfoViewController.swift in Sources */ = {isa = PBXBuildFile; fileRef = 5A4B7E3029FA7A7000CFB271 /* UserInfoViewController.swift */; };
		5A4B7E3329FBEE3D00CFB271 /* LoginViewController+Extention.swift in Sources */ = {isa = PBXBuildFile; fileRef = 5A4B7E3229FBEE3D00CFB271 /* LoginViewController+Extention.swift */; };
		5A4B7E3529FBEF6F00CFB271 /* LaunchViewController+Extention.swift in Sources */ = {isa = PBXBuildFile; fileRef = 5A4B7E3429FBEF6F00CFB271 /* LaunchViewController+Extention.swift */; };
		5A4B7E3729FBF05100CFB271 /* TimerViewController+Extention.swift in Sources */ = {isa = PBXBuildFile; fileRef = 5A4B7E3629FBF05100CFB271 /* TimerViewController+Extention.swift */; };
		5A4B7E3929FBF0F700CFB271 /* DaysCollectionViewController+Extention.swift in Sources */ = {isa = PBXBuildFile; fileRef = 5A4B7E3829FBF0F700CFB271 /* DaysCollectionViewController+Extention.swift */; };
		5A4B7E3B29FBF1C700CFB271 /* UserInfoViewController+Extention.swift in Sources */ = {isa = PBXBuildFile; fileRef = 5A4B7E3A29FBF1C700CFB271 /* UserInfoViewController+Extention.swift */; };
/* End PBXBuildFile section */

/* Begin PBXFileReference section */
		5A4B7DB129F3A9A200CFB271 /* PlankImprover.app */ = {isa = PBXFileReference; explicitFileType = wrapper.application; includeInIndex = 0; path = PlankImprover.app; sourceTree = BUILT_PRODUCTS_DIR; };
		5A4B7DB429F3A9A200CFB271 /* AppDelegate.swift */ = {isa = PBXFileReference; lastKnownFileType = sourcecode.swift; path = AppDelegate.swift; sourceTree = "<group>"; };
		5A4B7DB629F3A9A200CFB271 /* SceneDelegate.swift */ = {isa = PBXFileReference; lastKnownFileType = sourcecode.swift; path = SceneDelegate.swift; sourceTree = "<group>"; };
		5A4B7DB829F3A9A200CFB271 /* LoginViewController.swift */ = {isa = PBXFileReference; lastKnownFileType = sourcecode.swift; path = LoginViewController.swift; sourceTree = "<group>"; };
		5A4B7DBE29F3A9A200CFB271 /* PlankImprover.xcdatamodel */ = {isa = PBXFileReference; lastKnownFileType = wrapper.xcdatamodel; path = PlankImprover.xcdatamodel; sourceTree = "<group>"; };
		5A4B7DC029F3A9A400CFB271 /* Assets.xcassets */ = {isa = PBXFileReference; lastKnownFileType = folder.assetcatalog; path = Assets.xcassets; sourceTree = "<group>"; };
		5A4B7DC329F3A9A400CFB271 /* Base */ = {isa = PBXFileReference; lastKnownFileType = file.storyboard; name = Base; path = Base.lproj/LaunchScreen.storyboard; sourceTree = "<group>"; };
		5A4B7DC529F3A9A400CFB271 /* Info.plist */ = {isa = PBXFileReference; lastKnownFileType = text.plist.xml; path = Info.plist; sourceTree = "<group>"; };
		5A4B7DCB29F3ABE600CFB271 /* LaunchViewController.swift */ = {isa = PBXFileReference; lastKnownFileType = sourcecode.swift; path = LaunchViewController.swift; sourceTree = "<group>"; };
		5A4B7DCF29F3BC7F00CFB271 /* LexendTera.ttf */ = {isa = PBXFileReference; lastKnownFileType = file; path = LexendTera.ttf; sourceTree = "<group>"; };
		5A4B7DD229F3E2B400CFB271 /* customBigButton.swift */ = {isa = PBXFileReference; lastKnownFileType = sourcecode.swift; path = customBigButton.swift; sourceTree = "<group>"; };
		5A4B7DD429F3F32900CFB271 /* LoginTextField.swift */ = {isa = PBXFileReference; lastKnownFileType = sourcecode.swift; path = LoginTextField.swift; sourceTree = "<group>"; };
		5A4B7DE729F4D83300CFB271 /* FirebaseAuth.swift */ = {isa = PBXFileReference; lastKnownFileType = sourcecode.swift; path = FirebaseAuth.swift; sourceTree = "<group>"; };
		5A4B7DF529F534D600CFB271 /* TimerViewController.swift */ = {isa = PBXFileReference; lastKnownFileType = sourcecode.swift; path = TimerViewController.swift; sourceTree = "<group>"; };
		5A4B7DF729F5587100CFB271 /* CircularProgressBar.swift */ = {isa = PBXFileReference; lastKnownFileType = sourcecode.swift; path = CircularProgressBar.swift; sourceTree = "<group>"; };
		5A4B7E2029F6FF7400CFB271 /* DaysCollectionViewController.swift */ = {isa = PBXFileReference; lastKnownFileType = sourcecode.swift; path = DaysCollectionViewController.swift; sourceTree = "<group>"; };
		5A4B7E2229F77D2300CFB271 /* DayCollectionViewCell.swift */ = {isa = PBXFileReference; lastKnownFileType = sourcecode.swift; path = DayCollectionViewCell.swift; sourceTree = "<group>"; };
		5A4B7E2829FA424000CFB271 /* Errors.swift */ = {isa = PBXFileReference; lastKnownFileType = sourcecode.swift; path = Errors.swift; sourceTree = "<group>"; };
		5A4B7E2C29FA48E800CFB271 /* GoogleService-Info.plist */ = {isa = PBXFileReference; fileEncoding = 4; lastKnownFileType = text.plist.xml; path = "GoogleService-Info.plist"; sourceTree = "<group>"; };
		5A4B7E3029FA7A7000CFB271 /* UserInfoViewController.swift */ = {isa = PBXFileReference; lastKnownFileType = sourcecode.swift; path = UserInfoViewController.swift; sourceTree = "<group>"; };
		5A4B7E3229FBEE3D00CFB271 /* LoginViewController+Extention.swift */ = {isa = PBXFileReference; lastKnownFileType = sourcecode.swift; path = "LoginViewController+Extention.swift"; sourceTree = "<group>"; };
		5A4B7E3429FBEF6F00CFB271 /* LaunchViewController+Extention.swift */ = {isa = PBXFileReference; lastKnownFileType = sourcecode.swift; path = "LaunchViewController+Extention.swift"; sourceTree = "<group>"; };
		5A4B7E3629FBF05100CFB271 /* TimerViewController+Extention.swift */ = {isa = PBXFileReference; lastKnownFileType = sourcecode.swift; path = "TimerViewController+Extention.swift"; sourceTree = "<group>"; };
		5A4B7E3829FBF0F700CFB271 /* DaysCollectionViewController+Extention.swift */ = {isa = PBXFileReference; lastKnownFileType = sourcecode.swift; path = "DaysCollectionViewController+Extention.swift"; sourceTree = "<group>"; };
		5A4B7E3A29FBF1C700CFB271 /* UserInfoViewController+Extention.swift */ = {isa = PBXFileReference; lastKnownFileType = sourcecode.swift; path = "UserInfoViewController+Extention.swift"; sourceTree = "<group>"; };
/* End PBXFileReference section */

/* Begin PBXFrameworksBuildPhase section */
		5A4B7DAE29F3A9A200CFB271 /* Frameworks */ = {
			isa = PBXFrameworksBuildPhase;
			buildActionMask = 2147483647;
			files = (
				5A4B7DEE29F4E63F00CFB271 /* FirebaseDatabase in Frameworks */,
				5A4B7DEC29F4E63F00CFB271 /* FirebaseAuth in Frameworks */,
				5A4B7DF129F4E68700CFB271 /* GoogleSignIn in Frameworks */,
				5A4B7DF329F4E68700CFB271 /* GoogleSignInSwift in Frameworks */,
			);
			runOnlyForDeploymentPostprocessing = 0;
		};
/* End PBXFrameworksBuildPhase section */

/* Begin PBXGroup section */
		5A4B7DA829F3A9A200CFB271 = {
			isa = PBXGroup;
			children = (
				5A4B7DB329F3A9A200CFB271 /* PlankImprover */,
				5A4B7DB229F3A9A200CFB271 /* Products */,
			);
			sourceTree = "<group>";
		};
		5A4B7DB229F3A9A200CFB271 /* Products */ = {
			isa = PBXGroup;
			children = (
				5A4B7DB129F3A9A200CFB271 /* PlankImprover.app */,
			);
			name = Products;
			sourceTree = "<group>";
		};
		5A4B7DB329F3A9A200CFB271 /* PlankImprover */ = {
			isa = PBXGroup;
			children = (
				5A4B7DD129F3E27600CFB271 /* CustomElements */,
				5A4B7DCD29F3B8FD00CFB271 /* Font */,
				5A4B7DB429F3A9A200CFB271 /* AppDelegate.swift */,
				5A4B7DB629F3A9A200CFB271 /* SceneDelegate.swift */,
				5A4B7DD629F446F700CFB271 /* Controllers */,
				5A4B7E2729F7A16300CFB271 /* Models */,
				5A4B7DC029F3A9A400CFB271 /* Assets.xcassets */,
				5A4B7E2829FA424000CFB271 /* Errors.swift */,
				5A4B7DE929F4D84100CFB271 /* Firebase */,
				5A4B7DC229F3A9A400CFB271 /* LaunchScreen.storyboard */,
				5A4B7DC529F3A9A400CFB271 /* Info.plist */,
				5A4B7E2C29FA48E800CFB271 /* GoogleService-Info.plist */,
			);
			path = PlankImprover;
			sourceTree = "<group>";
		};
		5A4B7DCD29F3B8FD00CFB271 /* Font */ = {
			isa = PBXGroup;
			children = (
				5A4B7DCF29F3BC7F00CFB271 /* LexendTera.ttf */,
			);
			name = Font;
			sourceTree = "<group>";
		};
		5A4B7DD129F3E27600CFB271 /* CustomElements */ = {
			isa = PBXGroup;
			children = (
				5A4B7DD229F3E2B400CFB271 /* customBigButton.swift */,
				5A4B7DD429F3F32900CFB271 /* LoginTextField.swift */,
				5A4B7DF729F5587100CFB271 /* CircularProgressBar.swift */,
				5A4B7E2229F77D2300CFB271 /* DayCollectionViewCell.swift */,
			);
			path = CustomElements;
			sourceTree = "<group>";
		};
		5A4B7DD629F446F700CFB271 /* Controllers */ = {
			isa = PBXGroup;
			children = (
				5A4B7DB829F3A9A200CFB271 /* LoginViewController.swift */,
				5A4B7E3229FBEE3D00CFB271 /* LoginViewController+Extention.swift */,
				5A4B7DCB29F3ABE600CFB271 /* LaunchViewController.swift */,
				5A4B7E3429FBEF6F00CFB271 /* LaunchViewController+Extention.swift */,
				5A4B7DF529F534D600CFB271 /* TimerViewController.swift */,
				5A4B7E3629FBF05100CFB271 /* TimerViewController+Extention.swift */,
				5A4B7E2029F6FF7400CFB271 /* DaysCollectionViewController.swift */,
				5A4B7E3829FBF0F700CFB271 /* DaysCollectionViewController+Extention.swift */,
				5A4B7E3029FA7A7000CFB271 /* UserInfoViewController.swift */,
				5A4B7E3A29FBF1C700CFB271 /* UserInfoViewController+Extention.swift */,
			);
			path = Controllers;
			sourceTree = "<group>";
		};
		5A4B7DE929F4D84100CFB271 /* Firebase */ = {
			isa = PBXGroup;
			children = (
				5A4B7DE729F4D83300CFB271 /* FirebaseAuth.swift */,
			);
			path = Firebase;
			sourceTree = "<group>";
		};
		5A4B7E2729F7A16300CFB271 /* Models */ = {
			isa = PBXGroup;
			children = (
				5A4B7DBD29F3A9A200CFB271 /* PlankImprover.xcdatamodeld */,
			);
			path = Models;
			sourceTree = "<group>";
		};
/* End PBXGroup section */

/* Begin PBXNativeTarget section */
		5A4B7DB029F3A9A200CFB271 /* PlankImprover */ = {
			isa = PBXNativeTarget;
			buildConfigurationList = 5A4B7DC829F3A9A400CFB271 /* Build configuration list for PBXNativeTarget "PlankImprover" */;
			buildPhases = (
				5A4B7DAD29F3A9A200CFB271 /* Sources */,
				5A4B7DAE29F3A9A200CFB271 /* Frameworks */,
				5A4B7DAF29F3A9A200CFB271 /* Resources */,
			);
			buildRules = (
			);
			dependencies = (
			);
			name = PlankImprover;
			packageProductDependencies = (
				5A4B7DEB29F4E63F00CFB271 /* FirebaseAuth */,
				5A4B7DED29F4E63F00CFB271 /* FirebaseDatabase */,
				5A4B7DF029F4E68700CFB271 /* GoogleSignIn */,
				5A4B7DF229F4E68700CFB271 /* GoogleSignInSwift */,
			);
			productName = PlankImprover;
			productReference = 5A4B7DB129F3A9A200CFB271 /* PlankImprover.app */;
			productType = "com.apple.product-type.application";
		};
/* End PBXNativeTarget section */

/* Begin PBXProject section */
		5A4B7DA929F3A9A200CFB271 /* Project object */ = {
			isa = PBXProject;
			attributes = {
				BuildIndependentTargetsInParallel = 1;
				LastSwiftUpdateCheck = 1420;
				LastUpgradeCheck = 1420;
				TargetAttributes = {
					5A4B7DB029F3A9A200CFB271 = {
						CreatedOnToolsVersion = 14.2;
					};
				};
			};
			buildConfigurationList = 5A4B7DAC29F3A9A200CFB271 /* Build configuration list for PBXProject "PlankImprover" */;
			compatibilityVersion = "Xcode 14.0";
			developmentRegion = en;
			hasScannedForEncodings = 0;
			knownRegions = (
				en,
				Base,
			);
			mainGroup = 5A4B7DA829F3A9A200CFB271;
			packageReferences = (
				5A4B7DEA29F4E63F00CFB271 /* XCRemoteSwiftPackageReference "firebase-ios-sdk" */,
				5A4B7DEF29F4E68700CFB271 /* XCRemoteSwiftPackageReference "GoogleSignIn-iOS" */,
			);
			productRefGroup = 5A4B7DB229F3A9A200CFB271 /* Products */;
			projectDirPath = "";
			projectRoot = "";
			targets = (
				5A4B7DB029F3A9A200CFB271 /* PlankImprover */,
			);
		};
/* End PBXProject section */

/* Begin PBXResourcesBuildPhase section */
		5A4B7DAF29F3A9A200CFB271 /* Resources */ = {
			isa = PBXResourcesBuildPhase;
			buildActionMask = 2147483647;
			files = (
				5A4B7DC429F3A9A400CFB271 /* LaunchScreen.storyboard in Resources */,
				5A4B7E2D29FA48E800CFB271 /* GoogleService-Info.plist in Resources */,
				5A4B7DC129F3A9A400CFB271 /* Assets.xcassets in Resources */,
				5A4B7DD029F3BC7F00CFB271 /* LexendTera.ttf in Resources */,
			);
			runOnlyForDeploymentPostprocessing = 0;
		};
/* End PBXResourcesBuildPhase section */

/* Begin PBXSourcesBuildPhase section */
		5A4B7DAD29F3A9A200CFB271 /* Sources */ = {
			isa = PBXSourcesBuildPhase;
			buildActionMask = 2147483647;
			files = (
				5A4B7E3929FBF0F700CFB271 /* DaysCollectionViewController+Extention.swift in Sources */,
				5A4B7E3329FBEE3D00CFB271 /* LoginViewController+Extention.swift in Sources */,
				5A4B7DE829F4D83300CFB271 /* FirebaseAuth.swift in Sources */,
				5A4B7E3529FBEF6F00CFB271 /* LaunchViewController+Extention.swift in Sources */,
				5A4B7E3129FA7A7000CFB271 /* UserInfoViewController.swift in Sources */,
				5A4B7E3B29FBF1C700CFB271 /* UserInfoViewController+Extention.swift in Sources */,
				5A4B7DBF29F3A9A200CFB271 /* PlankImprover.xcdatamodeld in Sources */,
				5A4B7E2129F6FF7400CFB271 /* DaysCollectionViewController.swift in Sources */,
				5A4B7DCC29F3ABE600CFB271 /* LaunchViewController.swift in Sources */,
				5A4B7DB929F3A9A200CFB271 /* LoginViewController.swift in Sources */,
				5A4B7DD329F3E2B400CFB271 /* customBigButton.swift in Sources */,
				5A4B7DF629F534D600CFB271 /* TimerViewController.swift in Sources */,
				5A4B7E2929FA424000CFB271 /* Errors.swift in Sources */,
				5A4B7E2329F77D2300CFB271 /* DayCollectionViewCell.swift in Sources */,
				5A4B7DB529F3A9A200CFB271 /* AppDelegate.swift in Sources */,
				5A4B7DB729F3A9A200CFB271 /* SceneDelegate.swift in Sources */,
				5A4B7E3729FBF05100CFB271 /* TimerViewController+Extention.swift in Sources */,
				5A4B7DD529F3F32900CFB271 /* LoginTextField.swift in Sources */,
				5A4B7DF829F5587100CFB271 /* CircularProgressBar.swift in Sources */,
			);
			runOnlyForDeploymentPostprocessing = 0;
		};
/* End PBXSourcesBuildPhase section */

/* Begin PBXVariantGroup section */
		5A4B7DC229F3A9A400CFB271 /* LaunchScreen.storyboard */ = {
			isa = PBXVariantGroup;
			children = (
				5A4B7DC329F3A9A400CFB271 /* Base */,
			);
			name = LaunchScreen.storyboard;
			sourceTree = "<group>";
		};
/* End PBXVariantGroup section */

/* Begin XCBuildConfiguration section */
		5A4B7DC629F3A9A400CFB271 /* Debug */ = {
			isa = XCBuildConfiguration;
			buildSettings = {
				ALWAYS_SEARCH_USER_PATHS = NO;
				CLANG_ANALYZER_NONNULL = YES;
				CLANG_ANALYZER_NUMBER_OBJECT_CONVERSION = YES_AGGRESSIVE;
				CLANG_CXX_LANGUAGE_STANDARD = "gnu++20";
				CLANG_ENABLE_MODULES = YES;
				CLANG_ENABLE_OBJC_ARC = YES;
				CLANG_ENABLE_OBJC_WEAK = YES;
				CLANG_WARN_BLOCK_CAPTURE_AUTORELEASING = YES;
				CLANG_WARN_BOOL_CONVERSION = YES;
				CLANG_WARN_COMMA = YES;
				CLANG_WARN_CONSTANT_CONVERSION = YES;
				CLANG_WARN_DEPRECATED_OBJC_IMPLEMENTATIONS = YES;
				CLANG_WARN_DIRECT_OBJC_ISA_USAGE = YES_ERROR;
				CLANG_WARN_DOCUMENTATION_COMMENTS = YES;
				CLANG_WARN_EMPTY_BODY = YES;
				CLANG_WARN_ENUM_CONVERSION = YES;
				CLANG_WARN_INFINITE_RECURSION = YES;
				CLANG_WARN_INT_CONVERSION = YES;
				CLANG_WARN_NON_LITERAL_NULL_CONVERSION = YES;
				CLANG_WARN_OBJC_IMPLICIT_RETAIN_SELF = YES;
				CLANG_WARN_OBJC_LITERAL_CONVERSION = YES;
				CLANG_WARN_OBJC_ROOT_CLASS = YES_ERROR;
				CLANG_WARN_QUOTED_INCLUDE_IN_FRAMEWORK_HEADER = YES;
				CLANG_WARN_RANGE_LOOP_ANALYSIS = YES;
				CLANG_WARN_STRICT_PROTOTYPES = YES;
				CLANG_WARN_SUSPICIOUS_MOVE = YES;
				CLANG_WARN_UNGUARDED_AVAILABILITY = YES_AGGRESSIVE;
				CLANG_WARN_UNREACHABLE_CODE = YES;
				CLANG_WARN__DUPLICATE_METHOD_MATCH = YES;
				COPY_PHASE_STRIP = NO;
				DEBUG_INFORMATION_FORMAT = dwarf;
				ENABLE_STRICT_OBJC_MSGSEND = YES;
				ENABLE_TESTABILITY = YES;
				GCC_C_LANGUAGE_STANDARD = gnu11;
				GCC_DYNAMIC_NO_PIC = NO;
				GCC_NO_COMMON_BLOCKS = YES;
				GCC_OPTIMIZATION_LEVEL = 0;
				GCC_PREPROCESSOR_DEFINITIONS = (
					"DEBUG=1",
					"$(inherited)",
				);
				GCC_WARN_64_TO_32_BIT_CONVERSION = YES;
				GCC_WARN_ABOUT_RETURN_TYPE = YES_ERROR;
				GCC_WARN_UNDECLARED_SELECTOR = YES;
				GCC_WARN_UNINITIALIZED_AUTOS = YES_AGGRESSIVE;
				GCC_WARN_UNUSED_FUNCTION = YES;
				GCC_WARN_UNUSED_VARIABLE = YES;
				IPHONEOS_DEPLOYMENT_TARGET = 11.0;
				MTL_ENABLE_DEBUG_INFO = INCLUDE_SOURCE;
				MTL_FAST_MATH = YES;
				ONLY_ACTIVE_ARCH = YES;
				SDKROOT = iphoneos;
				SWIFT_ACTIVE_COMPILATION_CONDITIONS = DEBUG;
				SWIFT_OPTIMIZATION_LEVEL = "-Onone";
			};
			name = Debug;
		};
		5A4B7DC729F3A9A400CFB271 /* Release */ = {
			isa = XCBuildConfiguration;
			buildSettings = {
				ALWAYS_SEARCH_USER_PATHS = NO;
				CLANG_ANALYZER_NONNULL = YES;
				CLANG_ANALYZER_NUMBER_OBJECT_CONVERSION = YES_AGGRESSIVE;
				CLANG_CXX_LANGUAGE_STANDARD = "gnu++20";
				CLANG_ENABLE_MODULES = YES;
				CLANG_ENABLE_OBJC_ARC = YES;
				CLANG_ENABLE_OBJC_WEAK = YES;
				CLANG_WARN_BLOCK_CAPTURE_AUTORELEASING = YES;
				CLANG_WARN_BOOL_CONVERSION = YES;
				CLANG_WARN_COMMA = YES;
				CLANG_WARN_CONSTANT_CONVERSION = YES;
				CLANG_WARN_DEPRECATED_OBJC_IMPLEMENTATIONS = YES;
				CLANG_WARN_DIRECT_OBJC_ISA_USAGE = YES_ERROR;
				CLANG_WARN_DOCUMENTATION_COMMENTS = YES;
				CLANG_WARN_EMPTY_BODY = YES;
				CLANG_WARN_ENUM_CONVERSION = YES;
				CLANG_WARN_INFINITE_RECURSION = YES;
				CLANG_WARN_INT_CONVERSION = YES;
				CLANG_WARN_NON_LITERAL_NULL_CONVERSION = YES;
				CLANG_WARN_OBJC_IMPLICIT_RETAIN_SELF = YES;
				CLANG_WARN_OBJC_LITERAL_CONVERSION = YES;
				CLANG_WARN_OBJC_ROOT_CLASS = YES_ERROR;
				CLANG_WARN_QUOTED_INCLUDE_IN_FRAMEWORK_HEADER = YES;
				CLANG_WARN_RANGE_LOOP_ANALYSIS = YES;
				CLANG_WARN_STRICT_PROTOTYPES = YES;
				CLANG_WARN_SUSPICIOUS_MOVE = YES;
				CLANG_WARN_UNGUARDED_AVAILABILITY = YES_AGGRESSIVE;
				CLANG_WARN_UNREACHABLE_CODE = YES;
				CLANG_WARN__DUPLICATE_METHOD_MATCH = YES;
				COPY_PHASE_STRIP = NO;
				DEBUG_INFORMATION_FORMAT = "dwarf-with-dsym";
				ENABLE_NS_ASSERTIONS = NO;
				ENABLE_STRICT_OBJC_MSGSEND = YES;
				GCC_C_LANGUAGE_STANDARD = gnu11;
				GCC_NO_COMMON_BLOCKS = YES;
				GCC_WARN_64_TO_32_BIT_CONVERSION = YES;
				GCC_WARN_ABOUT_RETURN_TYPE = YES_ERROR;
				GCC_WARN_UNDECLARED_SELECTOR = YES;
				GCC_WARN_UNINITIALIZED_AUTOS = YES_AGGRESSIVE;
				GCC_WARN_UNUSED_FUNCTION = YES;
				GCC_WARN_UNUSED_VARIABLE = YES;
				IPHONEOS_DEPLOYMENT_TARGET = 11.0;
				MTL_ENABLE_DEBUG_INFO = NO;
				MTL_FAST_MATH = YES;
				SDKROOT = iphoneos;
				SWIFT_COMPILATION_MODE = wholemodule;
				SWIFT_OPTIMIZATION_LEVEL = "-O";
				VALIDATE_PRODUCT = YES;
			};
			name = Release;
		};
		5A4B7DC929F3A9A400CFB271 /* Debug */ = {
			isa = XCBuildConfiguration;
			buildSettings = {
				ASSETCATALOG_COMPILER_APPICON_NAME = AppIcon;
				ASSETCATALOG_COMPILER_GLOBAL_ACCENT_COLOR_NAME = AccentColor;
				CODE_SIGN_STYLE = Automatic;
				CURRENT_PROJECT_VERSION = 1;
				GENERATE_INFOPLIST_FILE = YES;
				INFOPLIST_FILE = PlankImprover/Info.plist;
				INFOPLIST_KEY_UIApplicationSupportsIndirectInputEvents = YES;
				INFOPLIST_KEY_UILaunchStoryboardName = LaunchScreen;
				INFOPLIST_KEY_UISupportedInterfaceOrientations_iPad = "UIInterfaceOrientationPortrait UIInterfaceOrientationPortraitUpsideDown UIInterfaceOrientationLandscapeLeft UIInterfaceOrientationLandscapeRight";
				INFOPLIST_KEY_UISupportedInterfaceOrientations_iPhone = "UIInterfaceOrientationPortrait UIInterfaceOrientationLandscapeLeft UIInterfaceOrientationLandscapeRight";
				IPHONEOS_DEPLOYMENT_TARGET = 11.0;
				LD_RUNPATH_SEARCH_PATHS = (
					"$(inherited)",
					"@executable_path/Frameworks",
				);
				MARKETING_VERSION = 1.0;
				PRODUCT_BUNDLE_IDENTIFIER = com.Kangajan.PlankImprover;
				PRODUCT_NAME = "$(TARGET_NAME)";
				SUPPORTED_PLATFORMS = "iphoneos iphonesimulator";
				SUPPORTS_MACCATALYST = NO;
				SUPPORTS_MAC_DESIGNED_FOR_IPHONE_IPAD = NO;
				SWIFT_EMIT_LOC_STRINGS = YES;
				SWIFT_VERSION = 5.0;
				TARGETED_DEVICE_FAMILY = 1;
			};
			name = Debug;
		};
		5A4B7DCA29F3A9A400CFB271 /* Release */ = {
			isa = XCBuildConfiguration;
			buildSettings = {
				ASSETCATALOG_COMPILER_APPICON_NAME = AppIcon;
				ASSETCATALOG_COMPILER_GLOBAL_ACCENT_COLOR_NAME = AccentColor;
				CODE_SIGN_STYLE = Automatic;
				CURRENT_PROJECT_VERSION = 1;
				GENERATE_INFOPLIST_FILE = YES;
				INFOPLIST_FILE = PlankImprover/Info.plist;
				INFOPLIST_KEY_UIApplicationSupportsIndirectInputEvents = YES;
				INFOPLIST_KEY_UILaunchStoryboardName = LaunchScreen;
				INFOPLIST_KEY_UISupportedInterfaceOrientations_iPad = "UIInterfaceOrientationPortrait UIInterfaceOrientationPortraitUpsideDown UIInterfaceOrientationLandscapeLeft UIInterfaceOrientationLandscapeRight";
				INFOPLIST_KEY_UISupportedInterfaceOrientations_iPhone = "UIInterfaceOrientationPortrait UIInterfaceOrientationLandscapeLeft UIInterfaceOrientationLandscapeRight";
				IPHONEOS_DEPLOYMENT_TARGET = 11.0;
				LD_RUNPATH_SEARCH_PATHS = (
					"$(inherited)",
					"@executable_path/Frameworks",
				);
				MARKETING_VERSION = 1.0;
				PRODUCT_BUNDLE_IDENTIFIER = com.Kangajan.PlankImprover;
				PRODUCT_NAME = "$(TARGET_NAME)";
				SUPPORTED_PLATFORMS = "iphoneos iphonesimulator";
				SUPPORTS_MACCATALYST = NO;
				SUPPORTS_MAC_DESIGNED_FOR_IPHONE_IPAD = NO;
				SWIFT_EMIT_LOC_STRINGS = YES;
				SWIFT_VERSION = 5.0;
				TARGETED_DEVICE_FAMILY = 1;
			};
			name = Release;
		};
/* End XCBuildConfiguration section */

/* Begin XCConfigurationList section */
		5A4B7DAC29F3A9A200CFB271 /* Build configuration list for PBXProject "PlankImprover" */ = {
			isa = XCConfigurationList;
			buildConfigurations = (
				5A4B7DC629F3A9A400CFB271 /* Debug */,
				5A4B7DC729F3A9A400CFB271 /* Release */,
			);
			defaultConfigurationIsVisible = 0;
			defaultConfigurationName = Release;
		};
		5A4B7DC829F3A9A400CFB271 /* Build configuration list for PBXNativeTarget "PlankImprover" */ = {
			isa = XCConfigurationList;
			buildConfigurations = (
				5A4B7DC929F3A9A400CFB271 /* Debug */,
				5A4B7DCA29F3A9A400CFB271 /* Release */,
			);
			defaultConfigurationIsVisible = 0;
			defaultConfigurationName = Release;
		};
/* End XCConfigurationList section */

/* Begin XCRemoteSwiftPackageReference section */
		5A4B7DEA29F4E63F00CFB271 /* XCRemoteSwiftPackageReference "firebase-ios-sdk" */ = {
			isa = XCRemoteSwiftPackageReference;
			repositoryURL = "https://github.com/firebase/firebase-ios-sdk";
			requirement = {
				kind = upToNextMinorVersion;
				minimumVersion = 9.6.0;
			};
		};
		5A4B7DEF29F4E68700CFB271 /* XCRemoteSwiftPackageReference "GoogleSignIn-iOS" */ = {
			isa = XCRemoteSwiftPackageReference;
			repositoryURL = "https://github.com/google/GoogleSignIn-iOS";
			requirement = {
				kind = upToNextMinorVersion;
				minimumVersion = 7.0.0;
			};
		};
/* End XCRemoteSwiftPackageReference section */

/* Begin XCSwiftPackageProductDependency section */
		5A4B7DEB29F4E63F00CFB271 /* FirebaseAuth */ = {
			isa = XCSwiftPackageProductDependency;
			package = 5A4B7DEA29F4E63F00CFB271 /* XCRemoteSwiftPackageReference "firebase-ios-sdk" */;
			productName = FirebaseAuth;
		};
		5A4B7DED29F4E63F00CFB271 /* FirebaseDatabase */ = {
			isa = XCSwiftPackageProductDependency;
			package = 5A4B7DEA29F4E63F00CFB271 /* XCRemoteSwiftPackageReference "firebase-ios-sdk" */;
			productName = FirebaseDatabase;
		};
		5A4B7DF029F4E68700CFB271 /* GoogleSignIn */ = {
			isa = XCSwiftPackageProductDependency;
			package = 5A4B7DEF29F4E68700CFB271 /* XCRemoteSwiftPackageReference "GoogleSignIn-iOS" */;
			productName = GoogleSignIn;
		};
		5A4B7DF229F4E68700CFB271 /* GoogleSignInSwift */ = {
			isa = XCSwiftPackageProductDependency;
			package = 5A4B7DEF29F4E68700CFB271 /* XCRemoteSwiftPackageReference "GoogleSignIn-iOS" */;
			productName = GoogleSignInSwift;
		};
/* End XCSwiftPackageProductDependency section */

/* Begin XCVersionGroup section */
		5A4B7DBD29F3A9A200CFB271 /* PlankImprover.xcdatamodeld */ = {
			isa = XCVersionGroup;
			children = (
				5A4B7DBE29F3A9A200CFB271 /* PlankImprover.xcdatamodel */,
			);
			currentVersion = 5A4B7DBE29F3A9A200CFB271 /* PlankImprover.xcdatamodel */;
			path = PlankImprover.xcdatamodeld;
			sourceTree = "<group>";
			versionGroupType = wrapper.xcdatamodel;
		};
/* End XCVersionGroup section */
	};
	rootObject = 5A4B7DA929F3A9A200CFB271 /* Project object */;
}
